
Microsoft Visual Studio Solution File, Format Version 12.00
# Visual Studio 15
VisualStudioVersion = 15.0.27130.2010
MinimumVisualStudioVersion = 10.0.40219.1
Project("{FAE04EC0-301F-11D3-BF4B-00C04F79EFBC}") = "CSharpPrograms", "ConsoleApp1\CSharpPrograms.csproj", "{07AC9F20-4BFF-482C-8315-255543AEE3EF}"
EndProject
Global
	GlobalSection(SolutionConfigurationPlatforms) = preSolution
		Debug|Any CPU = Debug|Any CPU
		Release|Any CPU = Release|Any CPU
	EndGlobalSection
	GlobalSection(ProjectConfigurationPlatforms) = postSolution
		{07AC9F20-4BFF-482C-8315-255543AEE3EF}.Debug|Any CPU.ActiveCfg = Debug|Any CPU
		{07AC9F20-4BFF-482C-8315-255543AEE3EF}.Debug|Any CPU.Build.0 = Debug|Any CPU
		{07AC9F20-4BFF-482C-8315-255543AEE3EF}.Release|Any CPU.ActiveCfg = Release|Any CPU
		{07AC9F20-4BFF-482C-8315-255543AEE3EF}.Release|Any CPU.Build.0 = Release|Any CPU
	EndGlobalSection
	GlobalSection(SolutionProperties) = preSolution
		HideSolutionNode = FALSE
	EndGlobalSection
	GlobalSection(ExtensibilityGlobals) = postSolution
		SolutionGuid = {D02B27D1-9A12-45D3-B02E-CF514B948F54}
	EndGlobalSection
EndGlobal
